<Solution>
  <Folder Name="/docs/">
    <File Path="README.md" />
    <File Path="docs/ADR-001-credential-management.md" />
    <File Path="docs/LS-TR-INVENTORY.md" />
    <File Path="docs/TR-CATALOG.md" />
  </Folder>
  <Folder Name="/src/">
    <Project Path="src/RedoxNet.LsOpenApi.Core/RedoxNet.LsOpenApi.Core.csproj" />
    <Project Path="src/RedoxNet.Mcp.LsOpenApi/RedoxNet.Mcp.LsOpenApi.csproj" />
    <Project Path="src/RedoxNet.LsOpenApi.Core.Catalog.Builder/RedoxNet.LsOpenApi.Core.Catalog.Builder.csproj" />
  </Folder>
  <Folder Name="/tests/">
    <Project Path="tests/RedoxNet.LsOpenApi.Core.Tests/RedoxNet.LsOpenApi.Core.Tests.csproj" />
    <Project Path="tests/RedoxNet.Mcp.LsOpenApi.Tests/RedoxNet.Mcp.LsOpenApi.Tests.csproj" />
  </Folder>
</Solution>
